// !$*UTF8*$!
{
	archiveVersion = 1;
	classes = {
	};
	objectVersion = 46;
	objects = {

/* Begin PBXBuildFile section */
		3100854F1DCB486800C896F3 /* UsbDeviceManager.m in Sources */ = {isa = PBXBuildFile; fileRef = 3100854E1DCB486800C896F3 /* UsbDeviceManager.m */; };
		310085521DCB559E00C896F3 /* UsbDevice.m in Sources */ = {isa = PBXBuildFile; fileRef = 310085511DCB559E00C896F3 /* UsbDevice.m */; };
		310085551DCB7B1200C896F3 /* UsbDeviceInterface.m in Sources */ = {isa = PBXBuildFile; fileRef = 310085541DCB7B1200C896F3 /* UsbDeviceInterface.m */; };
		3100855B1DCC166600C896F3 /* UsbDevicePipe.m in Sources */ = {isa = PBXBuildFile; fileRef = 3100855A1DCC166600C896F3 /* UsbDevicePipe.m */; };
		31C344FE1DCB177D00C53E33 /* main.m in Sources */ = {isa = PBXBuildFile; fileRef = 31C344FD1DCB177D00C53E33 /* main.m */; };
		31CE6AA51DD5E67300FCC797 /* CC2540Record.m in Sources */ = {isa = PBXBuildFile; fileRef = 31CE6AA41DD5E67300FCC797 /* CC2540Record.m */; };
		31E01E371DD48DE200FD8AC0 /* CC2540.m in Sources */ = {isa = PBXBuildFile; fileRef = 31E01E361DD48DE200FD8AC0 /* CC2540.m */; };
/* End PBXBuildFile section */

/* Begin PBXCopyFilesBuildPhase section */
		31C344F81DCB177D00C53E33 /* CopyFiles */ = {
			isa = PBXCopyFilesBuildPhase;
			buildActionMask = 2147483647;
			dstPath = /usr/share/man/man1/;
			dstSubfolderSpec = 0;
			files = (
			);
			runOnlyForDeploymentPostprocessing = 1;
		};
/* End PBXCopyFilesBuildPhase section */

/* Begin PBXFileReference section */
		3100854D1DCB486800C896F3 /* UsbDeviceManager.h */ = {isa = PBXFileReference; fileEncoding = 4; lastKnownFileType = sourcecode.c.h; path = UsbDeviceManager.h; sourceTree = "<group>"; };
		3100854E1DCB486800C896F3 /* UsbDeviceManager.m */ = {isa = PBXFileReference; fileEncoding = 4; lastKnownFileType = sourcecode.c.objc; path = UsbDeviceManager.m; sourceTree = "<group>"; };
		310085501DCB559E00C896F3 /* UsbDevice.h */ = {isa = PBXFileReference; fileEncoding = 4; lastKnownFileType = sourcecode.c.h; path = UsbDevice.h; sourceTree = "<group>"; };
		310085511DCB559E00C896F3 /* UsbDevice.m */ = {isa = PBXFileReference; fileEncoding = 4; lastKnownFileType = sourcecode.c.objc; path = UsbDevice.m; sourceTree = "<group>"; };
		310085531DCB7B1200C896F3 /* UsbDeviceInterface.h */ = {isa = PBXFileReference; fileEncoding = 4; lastKnownFileType = sourcecode.c.h; path = UsbDeviceInterface.h; sourceTree = "<group>"; };
		310085541DCB7B1200C896F3 /* UsbDeviceInterface.m */ = {isa = PBXFileReference; fileEncoding = 4; lastKnownFileType = sourcecode.c.objc; path = UsbDeviceInterface.m; sourceTree = "<group>"; };
		310085591DCC166600C896F3 /* UsbDevicePipe.h */ = {isa = PBXFileReference; fileEncoding = 4; lastKnownFileType = sourcecode.c.h; path = UsbDevicePipe.h; sourceTree = "<group>"; };
		3100855A1DCC166600C896F3 /* UsbDevicePipe.m */ = {isa = PBXFileReference; fileEncoding = 4; lastKnownFileType = sourcecode.c.objc; path = UsbDevicePipe.m; sourceTree = "<group>"; };
		31C344FA1DCB177D00C53E33 /* Blesniffer */ = {isa = PBXFileReference; explicitFileType = "compiled.mach-o.executable"; includeInIndex = 0; path = Blesniffer; sourceTree = BUILT_PRODUCTS_DIR; };
		31C344FD1DCB177D00C53E33 /* main.m */ = {isa = PBXFileReference; lastKnownFileType = sourcecode.c.objc; path = main.m; sourceTree = "<group>"; };
		31CE6AA31DD5E67300FCC797 /* CC2540Record.h */ = {isa = PBXFileReference; fileEncoding = 4; lastKnownFileType = sourcecode.c.h; path = CC2540Record.h; sourceTree = "<group>"; };
		31CE6AA41DD5E67300FCC797 /* CC2540Record.m */ = {isa = PBXFileReference; fileEncoding = 4; lastKnownFileType = sourcecode.c.objc; path = CC2540Record.m; sourceTree = "<group>"; };
		31E01E351DD48DE200FD8AC0 /* CC2540.h */ = {isa = PBXFileReference; fileEncoding = 4; lastKnownFileType = sourcecode.c.h; path = CC2540.h; sourceTree = "<group>"; };
		31E01E361DD48DE200FD8AC0 /* CC2540.m */ = {isa = PBXFileReference; fileEncoding = 4; lastKnownFileType = sourcecode.c.objc; path = CC2540.m; sourceTree = "<group>"; };
/* End PBXFileReference section */

/* Begin PBXFrameworksBuildPhase section */
		31C344F71DCB177D00C53E33 /* Frameworks */ = {
			isa = PBXFrameworksBuildPhase;
			buildActionMask = 2147483647;
			files = (
			);
			runOnlyForDeploymentPostprocessing = 0;
		};
/* End PBXFrameworksBuildPhase section */

/* Begin PBXGroup section */
		31C344F11DCB177D00C53E33 = {
			isa = PBXGroup;
			children = (
				31C344FC1DCB177D00C53E33 /* Blesniffer */,
				31C344FB1DCB177D00C53E33 /* Products */,
			);
			sourceTree = "<group>";
		};
		31C344FB1DCB177D00C53E33 /* Products */ = {
			isa = PBXGroup;
			children = (
				31C344FA1DCB177D00C53E33 /* Blesniffer */,
			);
			name = Products;
			sourceTree = "<group>";
		};
		31C344FC1DCB177D00C53E33 /* Blesniffer */ = {
			isa = PBXGroup;
			children = (
				31C344FD1DCB177D00C53E33 /* main.m */,
				31E01E351DD48DE200FD8AC0 /* CC2540.h */,
				31E01E361DD48DE200FD8AC0 /* CC2540.m */,
				31CE6AA31DD5E67300FCC797 /* CC2540Record.h */,
				31CE6AA41DD5E67300FCC797 /* CC2540Record.m */,
				3100854D1DCB486800C896F3 /* UsbDeviceManager.h */,
				3100854E1DCB486800C896F3 /* UsbDeviceManager.m */,
				310085501DCB559E00C896F3 /* UsbDevice.h */,
				310085511DCB559E00C896F3 /* UsbDevice.m */,
				310085531DCB7B1200C896F3 /* UsbDeviceInterface.h */,
				310085541DCB7B1200C896F3 /* UsbDeviceInterface.m */,
				310085591DCC166600C896F3 /* UsbDevicePipe.h */,
				3100855A1DCC166600C896F3 /* UsbDevicePipe.m */,
			);
			path = Blesniffer;
			sourceTree = "<group>";
		};
/* End PBXGroup section */

/* Begin PBXNativeTarget section */
		31C344F91DCB177D00C53E33 /* Blesniffer */ = {
			isa = PBXNativeTarget;
			buildConfigurationList = 31C345011DCB177D00C53E33 /* Build configuration list for PBXNativeTarget "Blesniffer" */;
			buildPhases = (
				31C344F61DCB177D00C53E33 /* Sources */,
				31C344F71DCB177D00C53E33 /* Frameworks */,
				31C344F81DCB177D00C53E33 /* CopyFiles */,
			);
			buildRules = (
			);
			dependencies = (
			);
			name = Blesniffer;
			productName = Blesniffer;
			productReference = 31C344FA1DCB177D00C53E33 /* Blesniffer */;
			productType = "com.apple.product-type.tool";
		};
/* End PBXNativeTarget section */

/* Begin PBXProject section */
		31C344F21DCB177D00C53E33 /* Project object */ = {
			isa = PBXProject;
			attributes = {
				LastUpgradeCheck = 0810;
				ORGANIZATIONNAME = "Hiroki Ishiura";
				TargetAttributes = {
					31C344F91DCB177D00C53E33 = {
						CreatedOnToolsVersion = 8.1;
						DevelopmentTeam = U853Z6LKZW;
						ProvisioningStyle = Automatic;
					};
				};
			};
			buildConfigurationList = 31C344F51DCB177D00C53E33 /* Build configuration list for PBXProject "Blesniffer" */;
			compatibilityVersion = "Xcode 3.2";
			developmentRegion = English;
			hasScannedForEncodings = 0;
			knownRegions = (
				en,
			);
			mainGroup = 31C344F11DCB177D00C53E33;
			productRefGroup = 31C344FB1DCB177D00C53E33 /* Products */;
			projectDirPath = "";
			projectRoot = "";
			targets = (
				31C344F91DCB177D00C53E33 /* Blesniffer */,
			);
		};
/* End PBXProject section */

/* Begin PBXSourcesBuildPhase section */
		31C344F61DCB177D00C53E33 /* Sources */ = {
			isa = PBXSourcesBuildPhase;
			buildActionMask = 2147483647;
			files = (
				31CE6AA51DD5E67300FCC797 /* CC2540Record.m in Sources */,
				31E01E371DD48DE200FD8AC0 /* CC2540.m in Sources */,
				3100855B1DCC166600C896F3 /* UsbDevicePipe.m in Sources */,
				310085521DCB559E00C896F3 /* UsbDevice.m in Sources */,
				3100854F1DCB486800C896F3 /* UsbDeviceManager.m in Sources */,
				310085551DCB7B1200C896F3 /* UsbDeviceInterface.m in Sources */,
				31C344FE1DCB177D00C53E33 /* main.m in Sources */,
			);
			runOnlyForDeploymentPostprocessing = 0;
		};
/* End PBXSourcesBuildPhase section */

/* Begin XCBuildConfiguration section */
		31C344FF1DCB177D00C53E33 /* Debug */ = {
			isa = XCBuildConfiguration;
			buildSettings = {
				ALWAYS_SEARCH_USER_PATHS = NO;
				CLANG_ANALYZER_NONNULL = YES;
				CLANG_CXX_LANGUAGE_STANDARD = "gnu++0x";
				CLANG_CXX_LIBRARY = "libc++";
				CLANG_ENABLE_MODULES = YES;
				CLANG_ENABLE_OBJC_ARC = YES;
				CLANG_WARN_BOOL_CONVERSION = YES;
				CLANG_WARN_CONSTANT_CONVERSION = YES;
				CLANG_WARN_DIRECT_OBJC_ISA_USAGE = YES_ERROR;
				CLANG_WARN_DOCUMENTATION_COMMENTS = YES;
				CLANG_WARN_EMPTY_BODY = YES;
				CLANG_WARN_ENUM_CONVERSION = YES;
				CLANG_WARN_INFINITE_RECURSION = YES;
				CLANG_WARN_INT_CONVERSION = YES;
				CLANG_WARN_OBJC_ROOT_CLASS = YES_ERROR;
				CLANG_WARN_SUSPICIOUS_MOVES = YES;
				CLANG_WARN_UNREACHABLE_CODE = YES;
				CLANG_WARN__DUPLICATE_METHOD_MATCH = YES;
				CODE_SIGN_IDENTITY = "-";
				COPY_PHASE_STRIP = NO;
				DEBUG_INFORMATION_FORMAT = dwarf;
				ENABLE_STRICT_OBJC_MSGSEND = YES;
				ENABLE_TESTABILITY = YES;
				GCC_C_LANGUAGE_STANDARD = gnu99;
				GCC_DYNAMIC_NO_PIC = NO;
				GCC_NO_COMMON_BLOCKS = YES;
				GCC_OPTIMIZATION_LEVEL = 0;
				GCC_PREPROCESSOR_DEFINITIONS = (
					"DEBUG=1",
					"$(inherited)",
				);
				GCC_WARN_64_TO_32_BIT_CONVERSION = YES;
				GCC_WARN_ABOUT_RETURN_TYPE = YES_ERROR;
				GCC_WARN_UNDECLARED_SELECTOR = YES;
				GCC_WARN_UNINITIALIZED_AUTOS = YES_AGGRESSIVE;
				GCC_WARN_UNUSED_FUNCTION = YES;
				GCC_WARN_UNUSED_VARIABLE = YES;
				MACOSX_DEPLOYMENT_TARGET = 10.12;
				MTL_ENABLE_DEBUG_INFO = YES;
				ONLY_ACTIVE_ARCH = YES;
				SDKROOT = macosx;
			};
			name = Debug;
		};
		31C345001DCB177D00C53E33 /* Release */ = {
			isa = XCBuildConfiguration;
			buildSettings = {
				ALWAYS_SEARCH_USER_PATHS = NO;
				CLANG_ANALYZER_NONNULL = YES;
				CLANG_CXX_LANGUAGE_STANDARD = "gnu++0x";
				CLANG_CXX_LIBRARY = "libc++";
				CLANG_ENABLE_MODULES = YES;
				CLANG_ENABLE_OBJC_ARC = YES;
				CLANG_WARN_BOOL_CONVERSION = YES;
				CLANG_WARN_CONSTANT_CONVERSION = YES;
				CLANG_WARN_DIRECT_OBJC_ISA_USAGE = YES_ERROR;
				CLANG_WARN_DOCUMENTATION_COMMENTS = YES;
				CLANG_WARN_EMPTY_BODY = YES;
				CLANG_WARN_ENUM_CONVERSION = YES;
				CLANG_WARN_INFINITE_RECURSION = YES;
				CLANG_WARN_INT_CONVERSION = YES;
				CLANG_WARN_OBJC_ROOT_CLASS = YES_ERROR;
				CLANG_WARN_SUSPICIOUS_MOVES = YES;
				CLANG_WARN_UNREACHABLE_CODE = YES;
				CLANG_WARN__DUPLICATE_METHOD_MATCH = YES;
				CODE_SIGN_IDENTITY = "-";
				COPY_PHASE_STRIP = NO;
				DEBUG_INFORMATION_FORMAT = "dwarf-with-dsym";
				ENABLE_NS_ASSERTIONS = NO;
				ENABLE_STRICT_OBJC_MSGSEND = YES;
				GCC_C_LANGUAGE_STANDARD = gnu99;
				GCC_NO_COMMON_BLOCKS = YES;
				GCC_WARN_64_TO_32_BIT_CONVERSION = YES;
				GCC_WARN_ABOUT_RETURN_TYPE = YES_ERROR;
				GCC_WARN_UNDECLARED_SELECTOR = YES;
				GCC_WARN_UNINITIALIZED_AUTOS = YES_AGGRESSIVE;
				GCC_WARN_UNUSED_FUNCTION = YES;
				GCC_WARN_UNUSED_VARIABLE = YES;
				MACOSX_DEPLOYMENT_TARGET = 10.12;
				MTL_ENABLE_DEBUG_INFO = NO;
				SDKROOT = macosx;
			};
			name = Release;
		};
		31C345021DCB177D00C53E33 /* Debug */ = {
			isa = XCBuildConfiguration;
			buildSettings = {
				DEVELOPMENT_TEAM = U853Z6LKZW;
				PRODUCT_NAME = "$(TARGET_NAME)";
			};
			name = Debug;
		};
		31C345031DCB177D00C53E33 /* Release */ = {
			isa = XCBuildConfiguration;
			buildSettings = {
				DEVELOPMENT_TEAM = U853Z6LKZW;
				PRODUCT_NAME = "$(TARGET_NAME)";
			};
			name = Release;
		};
/* End XCBuildConfiguration section */

/* Begin XCConfigurationList section */
		31C344F51DCB177D00C53E33 /* Build configuration list for PBXProject "Blesniffer" */ = {
			isa = XCConfigurationList;
			buildConfigurations = (
				31C344FF1DCB177D00C53E33 /* Debug */,
				31C345001DCB177D00C53E33 /* Release */,
			);
			defaultConfigurationIsVisible = 0;
			defaultConfigurationName = Release;
		};
		31C345011DCB177D00C53E33 /* Build configuration list for PBXNativeTarget "Blesniffer" */ = {
			isa = XCConfigurationList;
			buildConfigurations = (
				31C345021DCB177D00C53E33 /* Debug */,
				31C345031DCB177D00C53E33 /* Release */,
			);
			defaultConfigurationIsVisible = 0;
			defaultConfigurationName = Release;
		};
/* End XCConfigurationList section */
	};
	rootObject = 31C344F21DCB177D00C53E33 /* Project object */;
}
